// !$*UTF8*$!
{
	archiveVersion = 1;
	classes = {
	};
	objectVersion = 46;
	objects = {

/* Begin PBXBuildFile section */
		04582A541EBB72E700C73149 /* AppDelegate.swift in Sources */ = {isa = PBXBuildFile; fileRef = 04582A531EBB72E700C73149 /* AppDelegate.swift */; };
		04582A561EBB72E700C73149 /* ViewController.swift in Sources */ = {isa = PBXBuildFile; fileRef = 04582A551EBB72E700C73149 /* ViewController.swift */; };
		04582A591EBB72E700C73149 /* Main.storyboard in Resources */ = {isa = PBXBuildFile; fileRef = 04582A571EBB72E700C73149 /* Main.storyboard */; };
		04582A5B1EBB72E700C73149 /* Assets.xcassets in Resources */ = {isa = PBXBuildFile; fileRef = 04582A5A1EBB72E700C73149 /* Assets.xcassets */; };
		04582A5E1EBB72E700C73149 /* LaunchScreen.storyboard in Resources */ = {isa = PBXBuildFile; fileRef = 04582A5C1EBB72E700C73149 /* LaunchScreen.storyboard */; };
		04582A691EBB72E800C73149 /* MoviesDBTests.swift in Sources */ = {isa = PBXBuildFile; fileRef = 04582A681EBB72E800C73149 /* MoviesDBTests.swift */; };
		04582A741EBB72E800C73149 /* MoviesDBUITests.swift in Sources */ = {isa = PBXBuildFile; fileRef = 04582A731EBB72E800C73149 /* MoviesDBUITests.swift */; };
		04582A841EBB739D00C73149 /* NetworkManager.swift in Sources */ = {isa = PBXBuildFile; fileRef = 04582A831EBB739D00C73149 /* NetworkManager.swift */; };
		04582A861EBB73B500C73149 /* Movie.swift in Sources */ = {isa = PBXBuildFile; fileRef = 04582A851EBB73B500C73149 /* Movie.swift */; };
		04582A8A1EBB921700C73149 /* CollectionViewCell.swift in Sources */ = {isa = PBXBuildFile; fileRef = 04582A891EBB921700C73149 /* CollectionViewCell.swift */; };
		04582A8D1EBBAABC00C73149 /* UIImageView+Network.swift in Sources */ = {isa = PBXBuildFile; fileRef = 04582A8C1EBBAABC00C73149 /* UIImageView+Network.swift */; };
/* End PBXBuildFile section */

/* Begin PBXContainerItemProxy section */
		04582A651EBB72E800C73149 /* PBXContainerItemProxy */ = {
			isa = PBXContainerItemProxy;
			containerPortal = 04582A481EBB72E700C73149 /* Project object */;
			proxyType = 1;
			remoteGlobalIDString = 04582A4F1EBB72E700C73149;
			remoteInfo = MoviesDB;
		};
		04582A701EBB72E800C73149 /* PBXContainerItemProxy */ = {
			isa = PBXContainerItemProxy;
			containerPortal = 04582A481EBB72E700C73149 /* Project object */;
			proxyType = 1;
			remoteGlobalIDString = 04582A4F1EBB72E700C73149;
			remoteInfo = MoviesDB;
		};
/* End PBXContainerItemProxy section */

/* Begin PBXFileReference section */
		04582A501EBB72E700C73149 /* MoviesDB.app */ = {isa = PBXFileReference; explicitFileType = wrapper.application; includeInIndex = 0; path = MoviesDB.app; sourceTree = BUILT_PRODUCTS_DIR; };
		04582A531EBB72E700C73149 /* AppDelegate.swift */ = {isa = PBXFileReference; lastKnownFileType = sourcecode.swift; path = AppDelegate.swift; sourceTree = "<group>"; };
		04582A551EBB72E700C73149 /* ViewController.swift */ = {isa = PBXFileReference; lastKnownFileType = sourcecode.swift; path = ViewController.swift; sourceTree = "<group>"; };
		04582A581EBB72E700C73149 /* Base */ = {isa = PBXFileReference; lastKnownFileType = file.storyboard; name = Base; path = Base.lproj/Main.storyboard; sourceTree = "<group>"; };
		04582A5A1EBB72E700C73149 /* Assets.xcassets */ = {isa = PBXFileReference; lastKnownFileType = folder.assetcatalog; path = Assets.xcassets; sourceTree = "<group>"; };
		04582A5D1EBB72E700C73149 /* Base */ = {isa = PBXFileReference; lastKnownFileType = file.storyboard; name = Base; path = Base.lproj/LaunchScreen.storyboard; sourceTree = "<group>"; };
		04582A5F1EBB72E700C73149 /* Info.plist */ = {isa = PBXFileReference; lastKnownFileType = text.plist.xml; path = Info.plist; sourceTree = "<group>"; };
		04582A641EBB72E800C73149 /* MoviesDBTests.xctest */ = {isa = PBXFileReference; explicitFileType = wrapper.cfbundle; includeInIndex = 0; path = MoviesDBTests.xctest; sourceTree = BUILT_PRODUCTS_DIR; };
		04582A681EBB72E800C73149 /* MoviesDBTests.swift */ = {isa = PBXFileReference; lastKnownFileType = sourcecode.swift; path = MoviesDBTests.swift; sourceTree = "<group>"; };
		04582A6A1EBB72E800C73149 /* Info.plist */ = {isa = PBXFileReference; lastKnownFileType = text.plist.xml; path = Info.plist; sourceTree = "<group>"; };
		04582A6F1EBB72E800C73149 /* MoviesDBUITests.xctest */ = {isa = PBXFileReference; explicitFileType = wrapper.cfbundle; includeInIndex = 0; path = MoviesDBUITests.xctest; sourceTree = BUILT_PRODUCTS_DIR; };
		04582A731EBB72E800C73149 /* MoviesDBUITests.swift */ = {isa = PBXFileReference; lastKnownFileType = sourcecode.swift; path = MoviesDBUITests.swift; sourceTree = "<group>"; };
		04582A751EBB72E800C73149 /* Info.plist */ = {isa = PBXFileReference; lastKnownFileType = text.plist.xml; path = Info.plist; sourceTree = "<group>"; };
		04582A831EBB739D00C73149 /* NetworkManager.swift */ = {isa = PBXFileReference; fileEncoding = 4; lastKnownFileType = sourcecode.swift; name = NetworkManager.swift; path = ../../Movies/Movies/NetworkManager/NetworkManager.swift; sourceTree = "<group>"; };
		04582A851EBB73B500C73149 /* Movie.swift */ = {isa = PBXFileReference; fileEncoding = 4; lastKnownFileType = sourcecode.swift; name = Movie.swift; path = ../../Movies/Movies/Models/Movie.swift; sourceTree = "<group>"; };
		04582A891EBB921700C73149 /* CollectionViewCell.swift */ = {isa = PBXFileReference; fileEncoding = 4; lastKnownFileType = sourcecode.swift; path = CollectionViewCell.swift; sourceTree = "<group>"; };
		04582A8C1EBBAABC00C73149 /* UIImageView+Network.swift */ = {isa = PBXFileReference; fileEncoding = 4; lastKnownFileType = sourcecode.swift; name = "UIImageView+Network.swift"; path = "../../StarbucksFinal/StarbucksFinal/Extensions/UIImageView+Network.swift"; sourceTree = "<group>"; };
/* End PBXFileReference section */

/* Begin PBXFrameworksBuildPhase section */
		04582A4D1EBB72E700C73149 /* Frameworks */ = {
			isa = PBXFrameworksBuildPhase;
			buildActionMask = 2147483647;
			files = (
			);
			runOnlyForDeploymentPostprocessing = 0;
		};
		04582A611EBB72E800C73149 /* Frameworks */ = {
			isa = PBXFrameworksBuildPhase;
			buildActionMask = 2147483647;
			files = (
			);
			runOnlyForDeploymentPostprocessing = 0;
		};
		04582A6C1EBB72E800C73149 /* Frameworks */ = {
			isa = PBXFrameworksBuildPhase;
			buildActionMask = 2147483647;
			files = (
			);
			runOnlyForDeploymentPostprocessing = 0;
		};
/* End PBXFrameworksBuildPhase section */

/* Begin PBXGroup section */
		04582A471EBB72E700C73149 = {
			isa = PBXGroup;
			children = (
				04582A521EBB72E700C73149 /* MoviesDB */,
				04582A671EBB72E800C73149 /* MoviesDBTests */,
				04582A721EBB72E800C73149 /* MoviesDBUITests */,
				04582A511EBB72E700C73149 /* Products */,
			);
			sourceTree = "<group>";
		};
		04582A511EBB72E700C73149 /* Products */ = {
			isa = PBXGroup;
			children = (
				04582A501EBB72E700C73149 /* MoviesDB.app */,
				04582A641EBB72E800C73149 /* MoviesDBTests.xctest */,
				04582A6F1EBB72E800C73149 /* MoviesDBUITests.xctest */,
			);
			name = Products;
			sourceTree = "<group>";
		};
		04582A521EBB72E700C73149 /* MoviesDB */ = {
			isa = PBXGroup;
			children = (
				04582A8B1EBBAA7800C73149 /* Extensions */,
				04582A821EBB734600C73149 /* NetworkManager */,
				04582A811EBB734200C73149 /* Models */,
				04582A8E1EBBBC5900C73149 /* Layout */,
				04582A551EBB72E700C73149 /* ViewController.swift */,
				04582A531EBB72E700C73149 /* AppDelegate.swift */,
				04582A571EBB72E700C73149 /* Main.storyboard */,
				04582A5A1EBB72E700C73149 /* Assets.xcassets */,
				04582A5C1EBB72E700C73149 /* LaunchScreen.storyboard */,
				04582A5F1EBB72E700C73149 /* Info.plist */,
			);
			path = MoviesDB;
			sourceTree = "<group>";
		};
		04582A671EBB72E800C73149 /* MoviesDBTests */ = {
			isa = PBXGroup;
			children = (
				04582A681EBB72E800C73149 /* MoviesDBTests.swift */,
				04582A6A1EBB72E800C73149 /* Info.plist */,
			);
			path = MoviesDBTests;
			sourceTree = "<group>";
		};
		04582A721EBB72E800C73149 /* MoviesDBUITests */ = {
			isa = PBXGroup;
			children = (
				04582A731EBB72E800C73149 /* MoviesDBUITests.swift */,
				04582A751EBB72E800C73149 /* Info.plist */,
			);
			path = MoviesDBUITests;
			sourceTree = "<group>";
		};
		04582A811EBB734200C73149 /* Models */ = {
			isa = PBXGroup;
			children = (
				04582A851EBB73B500C73149 /* Movie.swift */,
			);
			name = Models;
			sourceTree = "<group>";
		};
		04582A821EBB734600C73149 /* NetworkManager */ = {
			isa = PBXGroup;
			children = (
				04582A831EBB739D00C73149 /* NetworkManager.swift */,
			);
			name = NetworkManager;
			sourceTree = "<group>";
		};
		04582A8B1EBBAA7800C73149 /* Extensions */ = {
			isa = PBXGroup;
			children = (
				04582A8C1EBBAABC00C73149 /* UIImageView+Network.swift */,
			);
			name = Extensions;
			sourceTree = "<group>";
		};
		04582A8E1EBBBC5900C73149 /* Layout */ = {
			isa = PBXGroup;
			children = (
				04582A891EBB921700C73149 /* CollectionViewCell.swift */,
			);
			name = Layout;
			sourceTree = "<group>";
		};
/* End PBXGroup section */

/* Begin PBXNativeTarget section */
		04582A4F1EBB72E700C73149 /* MoviesDB */ = {
			isa = PBXNativeTarget;
			buildConfigurationList = 04582A781EBB72E800C73149 /* Build configuration list for PBXNativeTarget "MoviesDB" */;
			buildPhases = (
				04582A4C1EBB72E700C73149 /* Sources */,
				04582A4D1EBB72E700C73149 /* Frameworks */,
				04582A4E1EBB72E700C73149 /* Resources */,
			);
			buildRules = (
			);
			dependencies = (
			);
			name = MoviesDB;
			productName = MoviesDB;
			productReference = 04582A501EBB72E700C73149 /* MoviesDB.app */;
			productType = "com.apple.product-type.application";
		};
		04582A631EBB72E800C73149 /* MoviesDBTests */ = {
			isa = PBXNativeTarget;
			buildConfigurationList = 04582A7B1EBB72E800C73149 /* Build configuration list for PBXNativeTarget "MoviesDBTests" */;
			buildPhases = (
				04582A601EBB72E800C73149 /* Sources */,
				04582A611EBB72E800C73149 /* Frameworks */,
				04582A621EBB72E800C73149 /* Resources */,
			);
			buildRules = (
			);
			dependencies = (
				04582A661EBB72E800C73149 /* PBXTargetDependency */,
			);
			name = MoviesDBTests;
			productName = MoviesDBTests;
			productReference = 04582A641EBB72E800C73149 /* MoviesDBTests.xctest */;
			productType = "com.apple.product-type.bundle.unit-test";
		};
		04582A6E1EBB72E800C73149 /* MoviesDBUITests */ = {
			isa = PBXNativeTarget;
			buildConfigurationList = 04582A7E1EBB72E800C73149 /* Build configuration list for PBXNativeTarget "MoviesDBUITests" */;
			buildPhases = (
				04582A6B1EBB72E800C73149 /* Sources */,
				04582A6C1EBB72E800C73149 /* Frameworks */,
				04582A6D1EBB72E800C73149 /* Resources */,
			);
			buildRules = (
			);
			dependencies = (
				04582A711EBB72E800C73149 /* PBXTargetDependency */,
			);
			name = MoviesDBUITests;
			productName = MoviesDBUITests;
			productReference = 04582A6F1EBB72E800C73149 /* MoviesDBUITests.xctest */;
			productType = "com.apple.product-type.bundle.ui-testing";
		};
/* End PBXNativeTarget section */

/* Begin PBXProject section */
		04582A481EBB72E700C73149 /* Project object */ = {
			isa = PBXProject;
			attributes = {
				LastSwiftUpdateCheck = 0820;
				LastUpgradeCheck = 0820;
				ORGANIZATIONNAME = com.mobileconsultingsolutions;
				TargetAttributes = {
					04582A4F1EBB72E700C73149 = {
						CreatedOnToolsVersion = 8.2;
						ProvisioningStyle = Automatic;
					};
					04582A631EBB72E800C73149 = {
						CreatedOnToolsVersion = 8.2;
						ProvisioningStyle = Automatic;
						TestTargetID = 04582A4F1EBB72E700C73149;
					};
					04582A6E1EBB72E800C73149 = {
						CreatedOnToolsVersion = 8.2;
						ProvisioningStyle = Automatic;
						TestTargetID = 04582A4F1EBB72E700C73149;
					};
				};
			};
			buildConfigurationList = 04582A4B1EBB72E700C73149 /* Build configuration list for PBXProject "MoviesDB" */;
			compatibilityVersion = "Xcode 3.2";
			developmentRegion = English;
			hasScannedForEncodings = 0;
			knownRegions = (
				en,
				Base,
			);
			mainGroup = 04582A471EBB72E700C73149;
			productRefGroup = 04582A511EBB72E700C73149 /* Products */;
			projectDirPath = "";
			projectRoot = "";
			targets = (
				04582A4F1EBB72E700C73149 /* MoviesDB */,
				04582A631EBB72E800C73149 /* MoviesDBTests */,
				04582A6E1EBB72E800C73149 /* MoviesDBUITests */,
			);
		};
/* End PBXProject section */

/* Begin PBXResourcesBuildPhase section */
		04582A4E1EBB72E700C73149 /* Resources */ = {
			isa = PBXResourcesBuildPhase;
			buildActionMask = 2147483647;
			files = (
				04582A5E1EBB72E700C73149 /* LaunchScreen.storyboard in Resources */,
				04582A5B1EBB72E700C73149 /* Assets.xcassets in Resources */,
				04582A591EBB72E700C73149 /* Main.storyboard in Resources */,
			);
			runOnlyForDeploymentPostprocessing = 0;
		};
		04582A621EBB72E800C73149 /* Resources */ = {
			isa = PBXResourcesBuildPhase;
			buildActionMask = 2147483647;
			files = (
			);
			runOnlyForDeploymentPostprocessing = 0;
		};
		04582A6D1EBB72E800C73149 /* Resources */ = {
			isa = PBXResourcesBuildPhase;
			buildActionMask = 2147483647;
			files = (
			);
			runOnlyForDeploymentPostprocessing = 0;
		};
/* End PBXResourcesBuildPhase section */

/* Begin PBXSourcesBuildPhase section */
		04582A4C1EBB72E700C73149 /* Sources */ = {
			isa = PBXSourcesBuildPhase;
			buildActionMask = 2147483647;
			files = (
				04582A841EBB739D00C73149 /* NetworkManager.swift in Sources */,
				04582A8A1EBB921700C73149 /* CollectionViewCell.swift in Sources */,
				04582A561EBB72E700C73149 /* ViewController.swift in Sources */,
				04582A861EBB73B500C73149 /* Movie.swift in Sources */,
				04582A541EBB72E700C73149 /* AppDelegate.swift in Sources */,
				04582A8D1EBBAABC00C73149 /* UIImageView+Network.swift in Sources */,
			);
			runOnlyForDeploymentPostprocessing = 0;
		};
		04582A601EBB72E800C73149 /* Sources */ = {
			isa = PBXSourcesBuildPhase;
			buildActionMask = 2147483647;
			files = (
				04582A691EBB72E800C73149 /* MoviesDBTests.swift in Sources */,
			);
			runOnlyForDeploymentPostprocessing = 0;
		};
		04582A6B1EBB72E800C73149 /* Sources */ = {
			isa = PBXSourcesBuildPhase;
			buildActionMask = 2147483647;
			files = (
				04582A741EBB72E800C73149 /* MoviesDBUITests.swift in Sources */,
			);
			runOnlyForDeploymentPostprocessing = 0;
		};
/* End PBXSourcesBuildPhase section */

/* Begin PBXTargetDependency section */
		04582A661EBB72E800C73149 /* PBXTargetDependency */ = {
			isa = PBXTargetDependency;
			target = 04582A4F1EBB72E700C73149 /* MoviesDB */;
			targetProxy = 04582A651EBB72E800C73149 /* PBXContainerItemProxy */;
		};
		04582A711EBB72E800C73149 /* PBXTargetDependency */ = {
			isa = PBXTargetDependency;
			target = 04582A4F1EBB72E700C73149 /* MoviesDB */;
			targetProxy = 04582A701EBB72E800C73149 /* PBXContainerItemProxy */;
		};
/* End PBXTargetDependency section */

/* Begin PBXVariantGroup section */
		04582A571EBB72E700C73149 /* Main.storyboard */ = {
			isa = PBXVariantGroup;
			children = (
				04582A581EBB72E700C73149 /* Base */,
			);
			name = Main.storyboard;
			sourceTree = "<group>";
		};
		04582A5C1EBB72E700C73149 /* LaunchScreen.storyboard */ = {
			isa = PBXVariantGroup;
			children = (
				04582A5D1EBB72E700C73149 /* Base */,
			);
			name = LaunchScreen.storyboard;
			sourceTree = "<group>";
		};
/* End PBXVariantGroup section */

/* Begin XCBuildConfiguration section */
		04582A761EBB72E800C73149 /* Debug */ = {
			isa = XCBuildConfiguration;
			buildSettings = {
				ALWAYS_SEARCH_USER_PATHS = NO;
				CLANG_ANALYZER_NONNULL = YES;
				CLANG_CXX_LANGUAGE_STANDARD = "gnu++0x";
				CLANG_CXX_LIBRARY = "libc++";
				CLANG_ENABLE_MODULES = YES;
				CLANG_ENABLE_OBJC_ARC = YES;
				CLANG_WARN_BOOL_CONVERSION = YES;
				CLANG_WARN_CONSTANT_CONVERSION = YES;
				CLANG_WARN_DIRECT_OBJC_ISA_USAGE = YES_ERROR;
				CLANG_WARN_DOCUMENTATION_COMMENTS = YES;
				CLANG_WARN_EMPTY_BODY = YES;
				CLANG_WARN_ENUM_CONVERSION = YES;
				CLANG_WARN_INFINITE_RECURSION = YES;
				CLANG_WARN_INT_CONVERSION = YES;
				CLANG_WARN_OBJC_ROOT_CLASS = YES_ERROR;
				CLANG_WARN_SUSPICIOUS_MOVE = YES;
				CLANG_WARN_UNREACHABLE_CODE = YES;
				CLANG_WARN__DUPLICATE_METHOD_MATCH = YES;
				"CODE_SIGN_IDENTITY[sdk=iphoneos*]" = "iPhone Developer";
				COPY_PHASE_STRIP = NO;
				DEBUG_INFORMATION_FORMAT = dwarf;
				ENABLE_STRICT_OBJC_MSGSEND = YES;
				ENABLE_TESTABILITY = YES;
				GCC_C_LANGUAGE_STANDARD = gnu99;
				GCC_DYNAMIC_NO_PIC = NO;
				GCC_NO_COMMON_BLOCKS = YES;
				GCC_OPTIMIZATION_LEVEL = 0;
				GCC_PREPROCESSOR_DEFINITIONS = (
					"DEBUG=1",
					"$(inherited)",
				);
				GCC_WARN_64_TO_32_BIT_CONVERSION = YES;
				GCC_WARN_ABOUT_RETURN_TYPE = YES_ERROR;
				GCC_WARN_UNDECLARED_SELECTOR = YES;
				GCC_WARN_UNINITIALIZED_AUTOS = YES_AGGRESSIVE;
				GCC_WARN_UNUSED_FUNCTION = YES;
				GCC_WARN_UNUSED_VARIABLE = YES;
				IPHONEOS_DEPLOYMENT_TARGET = 10.2;
				MTL_ENABLE_DEBUG_INFO = YES;
				ONLY_ACTIVE_ARCH = YES;
				SDKROOT = iphoneos;
				SWIFT_ACTIVE_COMPILATION_CONDITIONS = DEBUG;
				SWIFT_OPTIMIZATION_LEVEL = "-Onone";
				TARGETED_DEVICE_FAMILY = "1,2";
			};
			name = Debug;
		};
		04582A771EBB72E800C73149 /* Release */ = {
			isa = XCBuildConfiguration;
			buildSettings = {
				ALWAYS_SEARCH_USER_PATHS = NO;
				CLANG_ANALYZER_NONNULL = YES;
				CLANG_CXX_LANGUAGE_STANDARD = "gnu++0x";
				CLANG_CXX_LIBRARY = "libc++";
				CLANG_ENABLE_MODULES = YES;
				CLANG_ENABLE_OBJC_ARC = YES;
				CLANG_WARN_BOOL_CONVERSION = YES;
				CLANG_WARN_CONSTANT_CONVERSION = YES;
				CLANG_WARN_DIRECT_OBJC_ISA_USAGE = YES_ERROR;
				CLANG_WARN_DOCUMENTATION_COMMENTS = YES;
				CLANG_WARN_EMPTY_BODY = YES;
				CLANG_WARN_ENUM_CONVERSION = YES;
				CLANG_WARN_INFINITE_RECURSION = YES;
				CLANG_WARN_INT_CONVERSION = YES;
				CLANG_WARN_OBJC_ROOT_CLASS = YES_ERROR;
				CLANG_WARN_SUSPICIOUS_MOVE = YES;
				CLANG_WARN_UNREACHABLE_CODE = YES;
				CLANG_WARN__DUPLICATE_METHOD_MATCH = YES;
				"CODE_SIGN_IDENTITY[sdk=iphoneos*]" = "iPhone Developer";
				COPY_PHASE_STRIP = NO;
				DEBUG_INFORMATION_FORMAT = "dwarf-with-dsym";
				ENABLE_NS_ASSERTIONS = NO;
				ENABLE_STRICT_OBJC_MSGSEND = YES;
				GCC_C_LANGUAGE_STANDARD = gnu99;
				GCC_NO_COMMON_BLOCKS = YES;
				GCC_WARN_64_TO_32_BIT_CONVERSION = YES;
				GCC_WARN_ABOUT_RETURN_TYPE = YES_ERROR;
				GCC_WARN_UNDECLARED_SELECTOR = YES;
				GCC_WARN_UNINITIALIZED_AUTOS = YES_AGGRESSIVE;
				GCC_WARN_UNUSED_FUNCTION = YES;
				GCC_WARN_UNUSED_VARIABLE = YES;
				IPHONEOS_DEPLOYMENT_TARGET = 10.2;
				MTL_ENABLE_DEBUG_INFO = NO;
				SDKROOT = iphoneos;
				SWIFT_OPTIMIZATION_LEVEL = "-Owholemodule";
				TARGETED_DEVICE_FAMILY = "1,2";
				VALIDATE_PRODUCT = YES;
			};
			name = Release;
		};
		04582A791EBB72E800C73149 /* Debug */ = {
			isa = XCBuildConfiguration;
			buildSettings = {
				ASSETCATALOG_COMPILER_APPICON_NAME = AppIcon;
				INFOPLIST_FILE = MoviesDB/Info.plist;
				LD_RUNPATH_SEARCH_PATHS = "$(inherited) @executable_path/Frameworks";
				PRODUCT_BUNDLE_IDENTIFIER = com.mobileconsultingsolutions.MoviesDB;
				PRODUCT_NAME = "$(TARGET_NAME)";
				SWIFT_VERSION = 3.0;
			};
			name = Debug;
		};
		04582A7A1EBB72E800C73149 /* Release */ = {
			isa = XCBuildConfiguration;
			buildSettings = {
				ASSETCATALOG_COMPILER_APPICON_NAME = AppIcon;
				INFOPLIST_FILE = MoviesDB/Info.plist;
				LD_RUNPATH_SEARCH_PATHS = "$(inherited) @executable_path/Frameworks";
				PRODUCT_BUNDLE_IDENTIFIER = com.mobileconsultingsolutions.MoviesDB;
				PRODUCT_NAME = "$(TARGET_NAME)";
				SWIFT_VERSION = 3.0;
			};
			name = Release;
		};
		04582A7C1EBB72E800C73149 /* Debug */ = {
			isa = XCBuildConfiguration;
			buildSettings = {
				ALWAYS_EMBED_SWIFT_STANDARD_LIBRARIES = YES;
				BUNDLE_LOADER = "$(TEST_HOST)";
				INFOPLIST_FILE = MoviesDBTests/Info.plist;
				LD_RUNPATH_SEARCH_PATHS = "$(inherited) @executable_path/Frameworks @loader_path/Frameworks";
				PRODUCT_BUNDLE_IDENTIFIER = com.mobileconsultingsolutions.MoviesDBTests;
				PRODUCT_NAME = "$(TARGET_NAME)";
				SWIFT_VERSION = 3.0;
				TEST_HOST = "$(BUILT_PRODUCTS_DIR)/MoviesDB.app/MoviesDB";
			};
			name = Debug;
		};
		04582A7D1EBB72E800C73149 /* Release */ = {
			isa = XCBuildConfiguration;
			buildSettings = {
				ALWAYS_EMBED_SWIFT_STANDARD_LIBRARIES = YES;
				BUNDLE_LOADER = "$(TEST_HOST)";
				INFOPLIST_FILE = MoviesDBTests/Info.plist;
				LD_RUNPATH_SEARCH_PATHS = "$(inherited) @executable_path/Frameworks @loader_path/Frameworks";
				PRODUCT_BUNDLE_IDENTIFIER = com.mobileconsultingsolutions.MoviesDBTests;
				PRODUCT_NAME = "$(TARGET_NAME)";
				SWIFT_VERSION = 3.0;
				TEST_HOST = "$(BUILT_PRODUCTS_DIR)/MoviesDB.app/MoviesDB";
			};
			name = Release;
		};
		04582A7F1EBB72E800C73149 /* Debug */ = {
			isa = XCBuildConfiguration;
			buildSettings = {
				ALWAYS_EMBED_SWIFT_STANDARD_LIBRARIES = YES;
				INFOPLIST_FILE = MoviesDBUITests/Info.plist;
				LD_RUNPATH_SEARCH_PATHS = "$(inherited) @executable_path/Frameworks @loader_path/Frameworks";
				PRODUCT_BUNDLE_IDENTIFIER = com.mobileconsultingsolutions.MoviesDBUITests;
				PRODUCT_NAME = "$(TARGET_NAME)";
				SWIFT_VERSION = 3.0;
				TEST_TARGET_NAME = MoviesDB;
			};
			name = Debug;
		};
		04582A801EBB72E800C73149 /* Release */ = {
			isa = XCBuildConfiguration;
			buildSettings = {
				ALWAYS_EMBED_SWIFT_STANDARD_LIBRARIES = YES;
				INFOPLIST_FILE = MoviesDBUITests/Info.plist;
				LD_RUNPATH_SEARCH_PATHS = "$(inherited) @executable_path/Frameworks @loader_path/Frameworks";
				PRODUCT_BUNDLE_IDENTIFIER = com.mobileconsultingsolutions.MoviesDBUITests;
				PRODUCT_NAME = "$(TARGET_NAME)";
				SWIFT_VERSION = 3.0;
				TEST_TARGET_NAME = MoviesDB;
			};
			name = Release;
		};
/* End XCBuildConfiguration section */

/* Begin XCConfigurationList section */
		04582A4B1EBB72E700C73149 /* Build configuration list for PBXProject "MoviesDB" */ = {
			isa = XCConfigurationList;
			buildConfigurations = (
				04582A761EBB72E800C73149 /* Debug */,
				04582A771EBB72E800C73149 /* Release */,
			);
			defaultConfigurationIsVisible = 0;
			defaultConfigurationName = Release;
		};
		04582A781EBB72E800C73149 /* Build configuration list for PBXNativeTarget "MoviesDB" */ = {
			isa = XCConfigurationList;
			buildConfigurations = (
				04582A791EBB72E800C73149 /* Debug */,
				04582A7A1EBB72E800C73149 /* Release */,
			);
			defaultConfigurationIsVisible = 0;
			defaultConfigurationName = Release;
		};
		04582A7B1EBB72E800C73149 /* Build configuration list for PBXNativeTarget "MoviesDBTests" */ = {
			isa = XCConfigurationList;
			buildConfigurations = (
				04582A7C1EBB72E800C73149 /* Debug */,
				04582A7D1EBB72E800C73149 /* Release */,
			);
			defaultConfigurationIsVisible = 0;
			defaultConfigurationName = Release;
		};
		04582A7E1EBB72E800C73149 /* Build configuration list for PBXNativeTarget "MoviesDBUITests" */ = {
			isa = XCConfigurationList;
			buildConfigurations = (
				04582A7F1EBB72E800C73149 /* Debug */,
				04582A801EBB72E800C73149 /* Release */,
			);
			defaultConfigurationIsVisible = 0;
			defaultConfigurationName = Release;
		};
/* End XCConfigurationList section */
	};
	rootObject = 04582A481EBB72E700C73149 /* Project object */;
}
